
Microsoft Visual Studio Solution File, Format Version 12.00
# Visual Studio Version 16
VisualStudioVersion = 16.0.30404.54
MinimumVisualStudioVersion = 10.0.40219.1
Project("{9A19103F-16F7-4668-BE54-9A1E7A4F7556}") = "OOP2020", "OOP2020\OOP2020.csproj", "{1603FEB6-E6E1-428E-A5FF-ADD957374E08}"
EndProject
Project("{9A19103F-16F7-4668-BE54-9A1E7A4F7556}") = "FigureSample", "FigureSample\FigureSample.csproj", "{655ED3B4-DF8B-453A-A9C3-36274A216079}"
EndProject
Project("{9A19103F-16F7-4668-BE54-9A1E7A4F7556}") = "LiveCode", "LiveCode\LiveCode.csproj", "{F290FA92-4294-4DB5-B3A2-2563A947300C}"
EndProject
Project("{9A19103F-16F7-4668-BE54-9A1E7A4F7556}") = "KG01Exercises", "KG01Exercises\KG01Exercises.csproj", "{46C667DC-6D64-48B8-B478-04922FBA4439}"
EndProject
Project("{9A19103F-16F7-4668-BE54-9A1E7A4F7556}") = "LibOOP", "LibOOP\LibOOP.csproj", "{852D4167-0E39-4548-A600-861A65FC474B}"
EndProject
Project("{9A19103F-16F7-4668-BE54-9A1E7A4F7556}") = "KG03Exercises", "KG03Exercises\KG03Exercises.csproj", "{2874877F-A9E7-4CC3-824D-ADAD58AFAA0E}"
EndProject
Project("{9A19103F-16F7-4668-BE54-9A1E7A4F7556}") = "KG02Exercises", "KG02Exercises\KG02Exercises.csproj", "{F73AC896-63E9-48D4-9184-CF241BA928FB}"
EndProject
Project("{9A19103F-16F7-4668-BE54-9A1E7A4F7556}") = "KundeDb", "KundeDb\KundeDb.csproj", "{51592311-3486-408A-A229-EC708965A403}"
EndProject
Project("{9A19103F-16F7-4668-BE54-9A1E7A4F7556}") = "KundeDb.Tests", "KundeDb.Tests\KundeDb.Tests.csproj", "{DCDFFC35-D058-4FD3-9243-9D13C96F21B9}"
EndProject

Project("{9A19103F-16F7-4668-BE54-9A1E7A4F7556}") = "KG06Exercises", "KG06Exercises\KG06Exercises.csproj", "{514A71C1-355B-4807-A86E-6818E7B73B42}"
EndProject
Project("{FAE04EC0-301F-11D3-BF4B-00C04F79EFBC}") = "KG07Exercises", "KG07Exercises\KG07Exercises.csproj", "{0C9B3781-4601-4AD4-95F1-5C8262ACEFF2}"
EndProject
Project("{FAE04EC0-301F-11D3-BF4B-00C04F79EFBC}") = "KG07ExercisesTests", "KG07ExercisesTests\KG07ExercisesTests.csproj", "{812F9B5F-E787-426C-88CA-6EBCD8B24AE8}"
EndProject
Project("{FAE04EC0-301F-11D3-BF4B-00C04F79EFBC}") = "Utilapps", "Utilapps\Utilapps.csproj", "{7642DDBE-64E9-438D-9945-D0B2015C5903}"
EndProject
Project("{FAE04EC0-301F-11D3-BF4B-00C04F79EFBC}") = "Utilapps.Tests", "Utilapps.Tests\Utilapps.Tests.csproj", "{E36A9B26-F63C-404E-9727-1E74B2F1D6B1}"
EndProject
Global
	GlobalSection(SolutionConfigurationPlatforms) = preSolution
		Debug|Any CPU = Debug|Any CPU
		Release|Any CPU = Release|Any CPU
	EndGlobalSection
	GlobalSection(ProjectConfigurationPlatforms) = postSolution
		{1603FEB6-E6E1-428E-A5FF-ADD957374E08}.Debug|Any CPU.ActiveCfg = Debug|Any CPU
		{1603FEB6-E6E1-428E-A5FF-ADD957374E08}.Debug|Any CPU.Build.0 = Debug|Any CPU
		{1603FEB6-E6E1-428E-A5FF-ADD957374E08}.Release|Any CPU.ActiveCfg = Release|Any CPU
		{1603FEB6-E6E1-428E-A5FF-ADD957374E08}.Release|Any CPU.Build.0 = Release|Any CPU
		{655ED3B4-DF8B-453A-A9C3-36274A216079}.Debug|Any CPU.ActiveCfg = Debug|Any CPU
		{655ED3B4-DF8B-453A-A9C3-36274A216079}.Debug|Any CPU.Build.0 = Debug|Any CPU
		{655ED3B4-DF8B-453A-A9C3-36274A216079}.Release|Any CPU.ActiveCfg = Release|Any CPU
		{655ED3B4-DF8B-453A-A9C3-36274A216079}.Release|Any CPU.Build.0 = Release|Any CPU
		{F290FA92-4294-4DB5-B3A2-2563A947300C}.Debug|Any CPU.ActiveCfg = Debug|Any CPU
		{F290FA92-4294-4DB5-B3A2-2563A947300C}.Debug|Any CPU.Build.0 = Debug|Any CPU
		{F290FA92-4294-4DB5-B3A2-2563A947300C}.Release|Any CPU.ActiveCfg = Release|Any CPU
		{F290FA92-4294-4DB5-B3A2-2563A947300C}.Release|Any CPU.Build.0 = Release|Any CPU
		{46C667DC-6D64-48B8-B478-04922FBA4439}.Debug|Any CPU.ActiveCfg = Debug|Any CPU
		{46C667DC-6D64-48B8-B478-04922FBA4439}.Debug|Any CPU.Build.0 = Debug|Any CPU
		{46C667DC-6D64-48B8-B478-04922FBA4439}.Release|Any CPU.ActiveCfg = Release|Any CPU
		{46C667DC-6D64-48B8-B478-04922FBA4439}.Release|Any CPU.Build.0 = Release|Any CPU
		{852D4167-0E39-4548-A600-861A65FC474B}.Debug|Any CPU.ActiveCfg = Debug|Any CPU
		{852D4167-0E39-4548-A600-861A65FC474B}.Debug|Any CPU.Build.0 = Debug|Any CPU
		{852D4167-0E39-4548-A600-861A65FC474B}.Release|Any CPU.ActiveCfg = Release|Any CPU
		{852D4167-0E39-4548-A600-861A65FC474B}.Release|Any CPU.Build.0 = Release|Any CPU
		{2874877F-A9E7-4CC3-824D-ADAD58AFAA0E}.Debug|Any CPU.ActiveCfg = Debug|Any CPU
		{2874877F-A9E7-4CC3-824D-ADAD58AFAA0E}.Debug|Any CPU.Build.0 = Debug|Any CPU
		{2874877F-A9E7-4CC3-824D-ADAD58AFAA0E}.Release|Any CPU.ActiveCfg = Release|Any CPU
		{2874877F-A9E7-4CC3-824D-ADAD58AFAA0E}.Release|Any CPU.Build.0 = Release|Any CPU
		{F73AC896-63E9-48D4-9184-CF241BA928FB}.Debug|Any CPU.ActiveCfg = Debug|Any CPU
		{F73AC896-63E9-48D4-9184-CF241BA928FB}.Debug|Any CPU.Build.0 = Debug|Any CPU
		{F73AC896-63E9-48D4-9184-CF241BA928FB}.Release|Any CPU.ActiveCfg = Release|Any CPU
		{F73AC896-63E9-48D4-9184-CF241BA928FB}.Release|Any CPU.Build.0 = Release|Any CPU
		{51592311-3486-408A-A229-EC708965A403}.Debug|Any CPU.ActiveCfg = Debug|Any CPU
		{51592311-3486-408A-A229-EC708965A403}.Debug|Any CPU.Build.0 = Debug|Any CPU
		{51592311-3486-408A-A229-EC708965A403}.Release|Any CPU.ActiveCfg = Release|Any CPU
		{51592311-3486-408A-A229-EC708965A403}.Release|Any CPU.Build.0 = Release|Any CPU
		{DCDFFC35-D058-4FD3-9243-9D13C96F21B9}.Debug|Any CPU.ActiveCfg = Debug|Any CPU
		{DCDFFC35-D058-4FD3-9243-9D13C96F21B9}.Debug|Any CPU.Build.0 = Debug|Any CPU
		{DCDFFC35-D058-4FD3-9243-9D13C96F21B9}.Release|Any CPU.ActiveCfg = Release|Any CPU
		{DCDFFC35-D058-4FD3-9243-9D13C96F21B9}.Release|Any CPU.Build.0 = Release|Any CPU
	EndGlobalSection
	GlobalSection(SolutionProperties) = preSolution
		HideSolutionNode = FALSE
	EndGlobalSection
	GlobalSection(ExtensibilityGlobals) = postSolution
		SolutionGuid = {DF6F0885-1D47-4BE3-AE36-58BAEAEE9EE9}
	EndGlobalSection
EndGlobal
